// !$*UTF8*$!
{
	archiveVersion = 1;
	classes = {
	};
	objectVersion = 56;
	objects = {

/* Begin PBXBuildFile section */
		149B81E52ADE650500FAE8DB /* AppDelegate.swift in Sources */ = {isa = PBXBuildFile; fileRef = 149B81E42ADE650500FAE8DB /* AppDelegate.swift */; };
		149B81E72ADE650500FAE8DB /* SceneDelegate.swift in Sources */ = {isa = PBXBuildFile; fileRef = 149B81E62ADE650500FAE8DB /* SceneDelegate.swift */; };
		149B81E92ADE650500FAE8DB /* ViewController.swift in Sources */ = {isa = PBXBuildFile; fileRef = 149B81E82ADE650500FAE8DB /* ViewController.swift */; };
		149B81EC2ADE650500FAE8DB /* Main.storyboard in Resources */ = {isa = PBXBuildFile; fileRef = 149B81EA2ADE650500FAE8DB /* Main.storyboard */; };
		149B81EE2ADE650600FAE8DB /* Assets.xcassets in Resources */ = {isa = PBXBuildFile; fileRef = 149B81ED2ADE650600FAE8DB /* Assets.xcassets */; };
		149B81F12ADE650600FAE8DB /* LaunchScreen.storyboard in Resources */ = {isa = PBXBuildFile; fileRef = 149B81EF2ADE650600FAE8DB /* LaunchScreen.storyboard */; };
		A255556F6ED0561ADB3E8857 /* Pods_XCFrameworksDSYMTest.framework in Frameworks */ = {isa = PBXBuildFile; fileRef = B8063CCC588D4988D2B3B845 /* Pods_XCFrameworksDSYMTest.framework */; };
/* End PBXBuildFile section */

/* Begin PBXFileReference section */
		031B538126B0B20F7236488A /* Pods-XCFrameworksDSYMTest.release.xcconfig */ = {isa = PBXFileReference; includeInIndex = 1; lastKnownFileType = text.xcconfig; name = "Pods-XCFrameworksDSYMTest.release.xcconfig"; path = "Target Support Files/Pods-XCFrameworksDSYMTest/Pods-XCFrameworksDSYMTest.release.xcconfig"; sourceTree = "<group>"; };
		149B81E12ADE650500FAE8DB /* XCFrameworksDSYMTest.app */ = {isa = PBXFileReference; explicitFileType = wrapper.application; includeInIndex = 0; path = XCFrameworksDSYMTest.app; sourceTree = BUILT_PRODUCTS_DIR; };
		149B81E42ADE650500FAE8DB /* AppDelegate.swift */ = {isa = PBXFileReference; lastKnownFileType = sourcecode.swift; path = AppDelegate.swift; sourceTree = "<group>"; };
		149B81E62ADE650500FAE8DB /* SceneDelegate.swift */ = {isa = PBXFileReference; lastKnownFileType = sourcecode.swift; path = SceneDelegate.swift; sourceTree = "<group>"; };
		149B81E82ADE650500FAE8DB /* ViewController.swift */ = {isa = PBXFileReference; lastKnownFileType = sourcecode.swift; path = ViewController.swift; sourceTree = "<group>"; };
		149B81EB2ADE650500FAE8DB /* Base */ = {isa = PBXFileReference; lastKnownFileType = file.storyboard; name = Base; path = Base.lproj/Main.storyboard; sourceTree = "<group>"; };
		149B81ED2ADE650600FAE8DB /* Assets.xcassets */ = {isa = PBXFileReference; lastKnownFileType = folder.assetcatalog; path = Assets.xcassets; sourceTree = "<group>"; };
		149B81F02ADE650600FAE8DB /* Base */ = {isa = PBXFileReference; lastKnownFileType = file.storyboard; name = Base; path = Base.lproj/LaunchScreen.storyboard; sourceTree = "<group>"; };
		149B81F22ADE650600FAE8DB /* Info.plist */ = {isa = PBXFileReference; lastKnownFileType = text.plist.xml; path = Info.plist; sourceTree = "<group>"; };
		AC40C0396A449BD841F7336B /* Pods-XCFrameworksDSYMTest.debug.xcconfig */ = {isa = PBXFileReference; includeInIndex = 1; lastKnownFileType = text.xcconfig; name = "Pods-XCFrameworksDSYMTest.debug.xcconfig"; path = "Target Support Files/Pods-XCFrameworksDSYMTest/Pods-XCFrameworksDSYMTest.debug.xcconfig"; sourceTree = "<group>"; };
		B8063CCC588D4988D2B3B845 /* Pods_XCFrameworksDSYMTest.framework */ = {isa = PBXFileReference; explicitFileType = wrapper.framework; includeInIndex = 0; path = Pods_XCFrameworksDSYMTest.framework; sourceTree = BUILT_PRODUCTS_DIR; };
/* End PBXFileReference section */

/* Begin PBXFrameworksBuildPhase section */
		149B81DE2ADE650500FAE8DB /* Frameworks */ = {
			isa = PBXFrameworksBuildPhase;
			buildActionMask = 2147483647;
			files = (
				A255556F6ED0561ADB3E8857 /* Pods_XCFrameworksDSYMTest.framework in Frameworks */,
			);
			runOnlyForDeploymentPostprocessing = 0;
		};
/* End PBXFrameworksBuildPhase section */

/* Begin PBXGroup section */
		149B81D82ADE650500FAE8DB = {
			isa = PBXGroup;
			children = (
				149B81E32ADE650500FAE8DB /* XCFrameworksDSYMTest */,
				149B81E22ADE650500FAE8DB /* Products */,
				8ADD9B6B2FD4AFDD5C232ECC /* Pods */,
				25423BADCDD36121FADF8CA2 /* Frameworks */,
			);
			sourceTree = "<group>";
		};
		149B81E22ADE650500FAE8DB /* Products */ = {
			isa = PBXGroup;
			children = (
				149B81E12ADE650500FAE8DB /* XCFrameworksDSYMTest.app */,
			);
			name = Products;
			sourceTree = "<group>";
		};
		149B81E32ADE650500FAE8DB /* XCFrameworksDSYMTest */ = {
			isa = PBXGroup;
			children = (
				149B81E42ADE650500FAE8DB /* AppDelegate.swift */,
				149B81E62ADE650500FAE8DB /* SceneDelegate.swift */,
				149B81E82ADE650500FAE8DB /* ViewController.swift */,
				149B81EA2ADE650500FAE8DB /* Main.storyboard */,
				149B81ED2ADE650600FAE8DB /* Assets.xcassets */,
				149B81EF2ADE650600FAE8DB /* LaunchScreen.storyboard */,
				149B81F22ADE650600FAE8DB /* Info.plist */,
			);
			path = XCFrameworksDSYMTest;
			sourceTree = "<group>";
		};
		25423BADCDD36121FADF8CA2 /* Frameworks */ = {
			isa = PBXGroup;
			children = (
				B8063CCC588D4988D2B3B845 /* Pods_XCFrameworksDSYMTest.framework */,
			);
			name = Frameworks;
			sourceTree = "<group>";
		};
		8ADD9B6B2FD4AFDD5C232ECC /* Pods */ = {
			isa = PBXGroup;
			children = (
				AC40C0396A449BD841F7336B /* Pods-XCFrameworksDSYMTest.debug.xcconfig */,
				031B538126B0B20F7236488A /* Pods-XCFrameworksDSYMTest.release.xcconfig */,
			);
			path = Pods;
			sourceTree = "<group>";
		};
/* End PBXGroup section */

/* Begin PBXNativeTarget section */
		149B81E02ADE650500FAE8DB /* XCFrameworksDSYMTest */ = {
			isa = PBXNativeTarget;
			buildConfigurationList = 149B81F52ADE650600FAE8DB /* Build configuration list for PBXNativeTarget "XCFrameworksDSYMTest" */;
			buildPhases = (
				CE18AD114578AD10049FBF25 /* [CP] Check Pods Manifest.lock */,
				149B81DD2ADE650500FAE8DB /* Sources */,
				149B81DE2ADE650500FAE8DB /* Frameworks */,
				149B81DF2ADE650500FAE8DB /* Resources */,
				DD909E03A7A9AB13B20D2614 /* [CP] Embed Pods Frameworks */,
			);
			buildRules = (
			);
			dependencies = (
			);
			name = XCFrameworksDSYMTest;
			productName = XCFrameworksDSYMTest;
			productReference = 149B81E12ADE650500FAE8DB /* XCFrameworksDSYMTest.app */;
			productType = "com.apple.product-type.application";
		};
/* End PBXNativeTarget section */

/* Begin PBXProject section */
		149B81D92ADE650500FAE8DB /* Project object */ = {
			isa = PBXProject;
			attributes = {
				BuildIndependentTargetsInParallel = 1;
				LastSwiftUpdateCheck = 1500;
				LastUpgradeCheck = 1500;
				TargetAttributes = {
					149B81E02ADE650500FAE8DB = {
						CreatedOnToolsVersion = 15.0;
					};
				};
			};
			buildConfigurationList = 149B81DC2ADE650500FAE8DB /* Build configuration list for PBXProject "XCFrameworksDSYMTest" */;
			compatibilityVersion = "Xcode 14.0";
			developmentRegion = en;
			hasScannedForEncodings = 0;
			knownRegions = (
				en,
				Base,
			);
			mainGroup = 149B81D82ADE650500FAE8DB;
			productRefGroup = 149B81E22ADE650500FAE8DB /* Products */;
			projectDirPath = "";
			projectRoot = "";
			targets = (
				149B81E02ADE650500FAE8DB /* XCFrameworksDSYMTest */,
			);
		};
/* End PBXProject section */

/* Begin PBXResourcesBuildPhase section */
		149B81DF2ADE650500FAE8DB /* Resources */ = {
			isa = PBXResourcesBuildPhase;
			buildActionMask = 2147483647;
			files = (
				149B81F12ADE650600FAE8DB /* LaunchScreen.storyboard in Resources */,
				149B81EE2ADE650600FAE8DB /* Assets.xcassets in Resources */,
				149B81EC2ADE650500FAE8DB /* Main.storyboard in Resources */,
			);
			runOnlyForDeploymentPostprocessing = 0;
		};
/* End PBXResourcesBuildPhase section */

/* Begin PBXShellScriptBuildPhase section */
		CE18AD114578AD10049FBF25 /* [CP] Check Pods Manifest.lock */ = {
			isa = PBXShellScriptBuildPhase;
			buildActionMask = 2147483647;
			files = (
			);
			inputFileListPaths = (
			);
			inputPaths = (
				"${PODS_PODFILE_DIR_PATH}/Podfile.lock",
				"${PODS_ROOT}/Manifest.lock",
			);
			name = "[CP] Check Pods Manifest.lock";
			outputFileListPaths = (
			);
			outputPaths = (
				"$(DERIVED_FILE_DIR)/Pods-XCFrameworksDSYMTest-checkManifestLockResult.txt",
			);
			runOnlyForDeploymentPostprocessing = 0;
			shellPath = /bin/sh;
			shellScript = "diff \"${PODS_PODFILE_DIR_PATH}/Podfile.lock\" \"${PODS_ROOT}/Manifest.lock\" > /dev/null\nif [ $? != 0 ] ; then\n    # print error to STDERR\n    echo \"error: The sandbox is not in sync with the Podfile.lock. Run 'pod install' or update your CocoaPods installation.\" >&2\n    exit 1\nfi\n# This output is used by Xcode 'outputs' to avoid re-running this script phase.\necho \"SUCCESS\" > \"${SCRIPT_OUTPUT_FILE_0}\"\n";
			showEnvVarsInLog = 0;
		};
		DD909E03A7A9AB13B20D2614 /* [CP] Embed Pods Frameworks */ = {
			isa = PBXShellScriptBuildPhase;
			buildActionMask = 2147483647;
			files = (
			);
			inputFileListPaths = (
				"${PODS_ROOT}/Target Support Files/Pods-XCFrameworksDSYMTest/Pods-XCFrameworksDSYMTest-frameworks-${CONFIGURATION}-input-files.xcfilelist",
			);
			name = "[CP] Embed Pods Frameworks";
			outputFileListPaths = (
				"${PODS_ROOT}/Target Support Files/Pods-XCFrameworksDSYMTest/Pods-XCFrameworksDSYMTest-frameworks-${CONFIGURATION}-output-files.xcfilelist",
			);
			runOnlyForDeploymentPostprocessing = 0;
			shellPath = /bin/sh;
			shellScript = "\"${PODS_ROOT}/Target Support Files/Pods-XCFrameworksDSYMTest/Pods-XCFrameworksDSYMTest-frameworks.sh\"\n";
			showEnvVarsInLog = 0;
		};
/* End PBXShellScriptBuildPhase section */

/* Begin PBXSourcesBuildPhase section */
		149B81DD2ADE650500FAE8DB /* Sources */ = {
			isa = PBXSourcesBuildPhase;
			buildActionMask = 2147483647;
			files = (
				149B81E92ADE650500FAE8DB /* ViewController.swift in Sources */,
				149B81E52ADE650500FAE8DB /* AppDelegate.swift in Sources */,
				149B81E72ADE650500FAE8DB /* SceneDelegate.swift in Sources */,
			);
			runOnlyForDeploymentPostprocessing = 0;
		};
/* End PBXSourcesBuildPhase section */

/* Begin PBXVariantGroup section */
		149B81EA2ADE650500FAE8DB /* Main.storyboard */ = {
			isa = PBXVariantGroup;
			children = (
				149B81EB2ADE650500FAE8DB /* Base */,
			);
			name = Main.storyboard;
			sourceTree = "<group>";
		};
		149B81EF2ADE650600FAE8DB /* LaunchScreen.storyboard */ = {
			isa = PBXVariantGroup;
			children = (
				149B81F02ADE650600FAE8DB /* Base */,
			);
			name = LaunchScreen.storyboard;
			sourceTree = "<group>";
		};
/* End PBXVariantGroup section */

/* Begin XCBuildConfiguration section */
		149B81F32ADE650600FAE8DB /* Debug */ = {
			isa = XCBuildConfiguration;
			buildSettings = {
				ALWAYS_SEARCH_USER_PATHS = NO;
				ASSETCATALOG_COMPILER_GENERATE_SWIFT_ASSET_SYMBOL_EXTENSIONS = YES;
				CLANG_ANALYZER_NONNULL = YES;
				CLANG_ANALYZER_NUMBER_OBJECT_CONVERSION = YES_AGGRESSIVE;
				CLANG_CXX_LANGUAGE_STANDARD = "gnu++20";
				CLANG_ENABLE_MODULES = YES;
				CLANG_ENABLE_OBJC_ARC = YES;
				CLANG_ENABLE_OBJC_WEAK = YES;
				CLANG_WARN_BLOCK_CAPTURE_AUTORELEASING = YES;
				CLANG_WARN_BOOL_CONVERSION = YES;
				CLANG_WARN_COMMA = YES;
				CLANG_WARN_CONSTANT_CONVERSION = YES;
				CLANG_WARN_DEPRECATED_OBJC_IMPLEMENTATIONS = YES;
				CLANG_WARN_DIRECT_OBJC_ISA_USAGE = YES_ERROR;
				CLANG_WARN_DOCUMENTATION_COMMENTS = YES;
				CLANG_WARN_EMPTY_BODY = YES;
				CLANG_WARN_ENUM_CONVERSION = YES;
				CLANG_WARN_INFINITE_RECURSION = YES;
				CLANG_WARN_INT_CONVERSION = YES;
				CLANG_WARN_NON_LITERAL_NULL_CONVERSION = YES;
				CLANG_WARN_OBJC_IMPLICIT_RETAIN_SELF = YES;
				CLANG_WARN_OBJC_LITERAL_CONVERSION = YES;
				CLANG_WARN_OBJC_ROOT_CLASS = YES_ERROR;
				CLANG_WARN_QUOTED_INCLUDE_IN_FRAMEWORK_HEADER = YES;
				CLANG_WARN_RANGE_LOOP_ANALYSIS = YES;
				CLANG_WARN_STRICT_PROTOTYPES = YES;
				CLANG_WARN_SUSPICIOUS_MOVE = YES;
				CLANG_WARN_UNGUARDED_AVAILABILITY = YES_AGGRESSIVE;
				CLANG_WARN_UNREACHABLE_CODE = YES;
				CLANG_WARN__DUPLICATE_METHOD_MATCH = YES;
				COPY_PHASE_STRIP = NO;
				DEBUG_INFORMATION_FORMAT = dwarf;
				ENABLE_STRICT_OBJC_MSGSEND = YES;
				ENABLE_TESTABILITY = YES;
				ENABLE_USER_SCRIPT_SANDBOXING = NO;
				GCC_C_LANGUAGE_STANDARD = gnu17;
				GCC_DYNAMIC_NO_PIC = NO;
				GCC_NO_COMMON_BLOCKS = YES;
				GCC_OPTIMIZATION_LEVEL = 0;
				GCC_PREPROCESSOR_DEFINITIONS = (
					"DEBUG=1",
					"$(inherited)",
				);
				GCC_WARN_64_TO_32_BIT_CONVERSION = YES;
				GCC_WARN_ABOUT_RETURN_TYPE = YES_ERROR;
				GCC_WARN_UNDECLARED_SELECTOR = YES;
				GCC_WARN_UNINITIALIZED_AUTOS = YES_AGGRESSIVE;
				GCC_WARN_UNUSED_FUNCTION = YES;
				GCC_WARN_UNUSED_VARIABLE = YES;
				IPHONEOS_DEPLOYMENT_TARGET = 17.0;
				LOCALIZATION_PREFERS_STRING_CATALOGS = YES;
				MTL_ENABLE_DEBUG_INFO = INCLUDE_SOURCE;
				MTL_FAST_MATH = YES;
				ONLY_ACTIVE_ARCH = YES;
				SDKROOT = iphoneos;
				SWIFT_ACTIVE_COMPILATION_CONDITIONS = "DEBUG $(inherited)";
				SWIFT_OPTIMIZATION_LEVEL = "-Onone";
			};
			name = Debug;
		};
		149B81F42ADE650600FAE8DB /* Release */ = {
			isa = XCBuildConfiguration;
			buildSettings = {
				ALWAYS_SEARCH_USER_PATHS = NO;
				ASSETCATALOG_COMPILER_GENERATE_SWIFT_ASSET_SYMBOL_EXTENSIONS = YES;
				CLANG_ANALYZER_NONNULL = YES;
				CLANG_ANALYZER_NUMBER_OBJECT_CONVERSION = YES_AGGRESSIVE;
				CLANG_CXX_LANGUAGE_STANDARD = "gnu++20";
				CLANG_ENABLE_MODULES = YES;
				CLANG_ENABLE_OBJC_ARC = YES;
				CLANG_ENABLE_OBJC_WEAK = YES;
				CLANG_WARN_BLOCK_CAPTURE_AUTORELEASING = YES;
				CLANG_WARN_BOOL_CONVERSION = YES;
				CLANG_WARN_COMMA = YES;
				CLANG_WARN_CONSTANT_CONVERSION = YES;
				CLANG_WARN_DEPRECATED_OBJC_IMPLEMENTATIONS = YES;
				CLANG_WARN_DIRECT_OBJC_ISA_USAGE = YES_ERROR;
				CLANG_WARN_DOCUMENTATION_COMMENTS = YES;
				CLANG_WARN_EMPTY_BODY = YES;
				CLANG_WARN_ENUM_CONVERSION = YES;
				CLANG_WARN_INFINITE_RECURSION = YES;
				CLANG_WARN_INT_CONVERSION = YES;
				CLANG_WARN_NON_LITERAL_NULL_CONVERSION = YES;
				CLANG_WARN_OBJC_IMPLICIT_RETAIN_SELF = YES;
				CLANG_WARN_OBJC_LITERAL_CONVERSION = YES;
				CLANG_WARN_OBJC_ROOT_CLASS = YES_ERROR;
				CLANG_WARN_QUOTED_INCLUDE_IN_FRAMEWORK_HEADER = YES;
				CLANG_WARN_RANGE_LOOP_ANALYSIS = YES;
				CLANG_WARN_STRICT_PROTOTYPES = YES;
				CLANG_WARN_SUSPICIOUS_MOVE = YES;
				CLANG_WARN_UNGUARDED_AVAILABILITY = YES_AGGRESSIVE;
				CLANG_WARN_UNREACHABLE_CODE = YES;
				CLANG_WARN__DUPLICATE_METHOD_MATCH = YES;
				COPY_PHASE_STRIP = NO;
				DEBUG_INFORMATION_FORMAT = "dwarf-with-dsym";
				ENABLE_NS_ASSERTIONS = NO;
				ENABLE_STRICT_OBJC_MSGSEND = YES;
				ENABLE_USER_SCRIPT_SANDBOXING = NO;
				GCC_C_LANGUAGE_STANDARD = gnu17;
				GCC_NO_COMMON_BLOCKS = YES;
				GCC_WARN_64_TO_32_BIT_CONVERSION = YES;
				GCC_WARN_ABOUT_RETURN_TYPE = YES_ERROR;
				GCC_WARN_UNDECLARED_SELECTOR = YES;
				GCC_WARN_UNINITIALIZED_AUTOS = YES_AGGRESSIVE;
				GCC_WARN_UNUSED_FUNCTION = YES;
				GCC_WARN_UNUSED_VARIABLE = YES;
				IPHONEOS_DEPLOYMENT_TARGET = 17.0;
				LOCALIZATION_PREFERS_STRING_CATALOGS = YES;
				MTL_ENABLE_DEBUG_INFO = NO;
				MTL_FAST_MATH = YES;
				SDKROOT = iphoneos;
				SWIFT_COMPILATION_MODE = wholemodule;
				VALIDATE_PRODUCT = YES;
			};
			name = Release;
		};
		149B81F62ADE650600FAE8DB /* Debug */ = {
			isa = XCBuildConfiguration;
			baseConfigurationReference = AC40C0396A449BD841F7336B /* Pods-XCFrameworksDSYMTest.debug.xcconfig */;
			buildSettings = {
				ASSETCATALOG_COMPILER_APPICON_NAME = AppIcon;
				ASSETCATALOG_COMPILER_GLOBAL_ACCENT_COLOR_NAME = AccentColor;
				CODE_SIGN_STYLE = Automatic;
				CURRENT_PROJECT_VERSION = 1;
				DEVELOPMENT_TEAM = 5393MUFBLF;
				GENERATE_INFOPLIST_FILE = YES;
				INFOPLIST_FILE = XCFrameworksDSYMTest/Info.plist;
				INFOPLIST_KEY_UIApplicationSupportsIndirectInputEvents = YES;
				INFOPLIST_KEY_UILaunchStoryboardName = LaunchScreen;
				INFOPLIST_KEY_UIMainStoryboardFile = Main;
				INFOPLIST_KEY_UISupportedInterfaceOrientations_iPad = "UIInterfaceOrientationPortrait UIInterfaceOrientationPortraitUpsideDown UIInterfaceOrientationLandscapeLeft UIInterfaceOrientationLandscapeRight";
				INFOPLIST_KEY_UISupportedInterfaceOrientations_iPhone = "UIInterfaceOrientationPortrait UIInterfaceOrientationLandscapeLeft UIInterfaceOrientationLandscapeRight";
				LD_RUNPATH_SEARCH_PATHS = (
					"$(inherited)",
					"@executable_path/Frameworks",
				);
				MARKETING_VERSION = 1.0;
				PRODUCT_BUNDLE_IDENTIFIER = com.nikitaborodulin.XCFrameworksDSYMTest;
				PRODUCT_NAME = "$(TARGET_NAME)";
				SWIFT_EMIT_LOC_STRINGS = YES;
				SWIFT_VERSION = 5.0;
				TARGETED_DEVICE_FAMILY = "1,2";
			};
			name = Debug;
		};
		149B81F72ADE650600FAE8DB /* Release */ = {
			isa = XCBuildConfiguration;
			baseConfigurationReference = 031B538126B0B20F7236488A /* Pods-XCFrameworksDSYMTest.release.xcconfig */;
			buildSettings = {
				ASSETCATALOG_COMPILER_APPICON_NAME = AppIcon;
				ASSETCATALOG_COMPILER_GLOBAL_ACCENT_COLOR_NAME = AccentColor;
				CODE_SIGN_STYLE = Automatic;
				CURRENT_PROJECT_VERSION = 1;
				DEVELOPMENT_TEAM = 5393MUFBLF;
				GENERATE_INFOPLIST_FILE = YES;
				INFOPLIST_FILE = XCFrameworksDSYMTest/Info.plist;
				INFOPLIST_KEY_UIApplicationSupportsIndirectInputEvents = YES;
				INFOPLIST_KEY_UILaunchStoryboardName = LaunchScreen;
				INFOPLIST_KEY_UIMainStoryboardFile = Main;
				INFOPLIST_KEY_UISupportedInterfaceOrientations_iPad = "UIInterfaceOrientationPortrait UIInterfaceOrientationPortraitUpsideDown UIInterfaceOrientationLandscapeLeft UIInterfaceOrientationLandscapeRight";
				INFOPLIST_KEY_UISupportedInterfaceOrientations_iPhone = "UIInterfaceOrientationPortrait UIInterfaceOrientationLandscapeLeft UIInterfaceOrientationLandscapeRight";
				LD_RUNPATH_SEARCH_PATHS = (
					"$(inherited)",
					"@executable_path/Frameworks",
				);
				MARKETING_VERSION = 1.0;
				PRODUCT_BUNDLE_IDENTIFIER = com.nikitaborodulin.XCFrameworksDSYMTest;
				PRODUCT_NAME = "$(TARGET_NAME)";
				SWIFT_EMIT_LOC_STRINGS = YES;
				SWIFT_VERSION = 5.0;
				TARGETED_DEVICE_FAMILY = "1,2";
			};
			name = Release;
		};
/* End XCBuildConfiguration section */

/* Begin XCConfigurationList section */
		149B81DC2ADE650500FAE8DB /* Build configuration list for PBXProject "XCFrameworksDSYMTest" */ = {
			isa = XCConfigurationList;
			buildConfigurations = (
				149B81F32ADE650600FAE8DB /* Debug */,
				149B81F42ADE650600FAE8DB /* Release */,
			);
			defaultConfigurationIsVisible = 0;
			defaultConfigurationName = Release;
		};
		149B81F52ADE650600FAE8DB /* Build configuration list for PBXNativeTarget "XCFrameworksDSYMTest" */ = {
			isa = XCConfigurationList;
			buildConfigurations = (
				149B81F62ADE650600FAE8DB /* Debug */,
				149B81F72ADE650600FAE8DB /* Release */,
			);
			defaultConfigurationIsVisible = 0;
			defaultConfigurationName = Release;
		};
/* End XCConfigurationList section */
	};
	rootObject = 149B81D92ADE650500FAE8DB /* Project object */;
}
